{
  "name": "the-beautiful-revolution",
  "version": "1.0.0",
  "lockfileVersion": 3,
  "requires": true,
  "packages": {
    "": {
      "name": "the-beautiful-revolution",
      "version": "1.0.0",
      "hasInstallScript": true,
      "license": "ISC",
      "engines": {
        "node": ">=22.12.0"
      }
    }
  }
}
